
Microsoft Visual Studio Solution File, Format Version 12.00
# Visual Studio Version 16
VisualStudioVersion = 16.0.30907.101
MinimumVisualStudioVersion = 10.0.40219.1
Project("{9A19103F-16F7-4668-BE54-9A1E7A4F7556}") = "Entities", "Entites\Entities.csproj", "{53657A6F-6E14-474B-87F6-196FF1A85178}"
EndProject
Project("{9A19103F-16F7-4668-BE54-9A1E7A4F7556}") = "DataAccess", "DataAccess\DataAccess.csproj", "{E0B624DE-1395-40EC-967D-633579D32651}"
EndProject
Project("{9A19103F-16F7-4668-BE54-9A1E7A4F7556}") = "Business", "Business\Business.csproj", "{A96B19CB-74D9-4983-A3C2-2FA3E6A6EAB3}"
EndProject
Project("{9A19103F-16F7-4668-BE54-9A1E7A4F7556}") = "ConsoleUI", "ConsoleUI\ConsoleUI.csproj", "{2A2F2306-A536-4C1F-8ED7-0C8108336ED9}"
EndProject
Project("{9A19103F-16F7-4668-BE54-9A1E7A4F7556}") = "Core", "Core\Core.csproj", "{6FF2DD4D-6B7C-49D9-986D-B985A806049E}"
EndProject
Project("{FAE04EC0-301F-11D3-BF4B-00C04F79EFBC}") = "WebAPI", "WebAPI\WebAPI.csproj", "{4EB01BC2-3B64-4398-A8CE-20A86F190DEF}"
EndProject
Global
	GlobalSection(SolutionConfigurationPlatforms) = preSolution
		Debug|Any CPU = Debug|Any CPU
		Release|Any CPU = Release|Any CPU
	EndGlobalSection
	GlobalSection(ProjectConfigurationPlatforms) = postSolution
		{53657A6F-6E14-474B-87F6-196FF1A85178}.Debug|Any CPU.ActiveCfg = Debug|Any CPU
		{53657A6F-6E14-474B-87F6-196FF1A85178}.Debug|Any CPU.Build.0 = Debug|Any CPU
		{53657A6F-6E14-474B-87F6-196FF1A85178}.Release|Any CPU.ActiveCfg = Release|Any CPU
		{53657A6F-6E14-474B-87F6-196FF1A85178}.Release|Any CPU.Build.0 = Release|Any CPU
		{E0B624DE-1395-40EC-967D-633579D32651}.Debug|Any CPU.ActiveCfg = Debug|Any CPU
		{E0B624DE-1395-40EC-967D-633579D32651}.Debug|Any CPU.Build.0 = Debug|Any CPU
		{E0B624DE-1395-40EC-967D-633579D32651}.Release|Any CPU.ActiveCfg = Release|Any CPU
		{E0B624DE-1395-40EC-967D-633579D32651}.Release|Any CPU.Build.0 = Release|Any CPU
		{A96B19CB-74D9-4983-A3C2-2FA3E6A6EAB3}.Debug|Any CPU.ActiveCfg = Debug|Any CPU
		{A96B19CB-74D9-4983-A3C2-2FA3E6A6EAB3}.Debug|Any CPU.Build.0 = Debug|Any CPU
		{A96B19CB-74D9-4983-A3C2-2FA3E6A6EAB3}.Release|Any CPU.ActiveCfg = Release|Any CPU
		{A96B19CB-74D9-4983-A3C2-2FA3E6A6EAB3}.Release|Any CPU.Build.0 = Release|Any CPU
		{2A2F2306-A536-4C1F-8ED7-0C8108336ED9}.Debug|Any CPU.ActiveCfg = Debug|Any CPU
		{2A2F2306-A536-4C1F-8ED7-0C8108336ED9}.Debug|Any CPU.Build.0 = Debug|Any CPU
		{2A2F2306-A536-4C1F-8ED7-0C8108336ED9}.Release|Any CPU.ActiveCfg = Release|Any CPU
		{2A2F2306-A536-4C1F-8ED7-0C8108336ED9}.Release|Any CPU.Build.0 = Release|Any CPU
		{6FF2DD4D-6B7C-49D9-986D-B985A806049E}.Debug|Any CPU.ActiveCfg = Debug|Any CPU
		{6FF2DD4D-6B7C-49D9-986D-B985A806049E}.Debug|Any CPU.Build.0 = Debug|Any CPU
		{6FF2DD4D-6B7C-49D9-986D-B985A806049E}.Release|Any CPU.ActiveCfg = Release|Any CPU
		{6FF2DD4D-6B7C-49D9-986D-B985A806049E}.Release|Any CPU.Build.0 = Release|Any CPU
		{4EB01BC2-3B64-4398-A8CE-20A86F190DEF}.Debug|Any CPU.ActiveCfg = Debug|Any CPU
		{4EB01BC2-3B64-4398-A8CE-20A86F190DEF}.Debug|Any CPU.Build.0 = Debug|Any CPU
		{4EB01BC2-3B64-4398-A8CE-20A86F190DEF}.Release|Any CPU.ActiveCfg = Release|Any CPU
		{4EB01BC2-3B64-4398-A8CE-20A86F190DEF}.Release|Any CPU.Build.0 = Release|Any CPU
	EndGlobalSection
	GlobalSection(SolutionProperties) = preSolution
		HideSolutionNode = FALSE
	EndGlobalSection
	GlobalSection(ExtensibilityGlobals) = postSolution
		SolutionGuid = {E07025BF-569D-4871-9B80-81A3F0BE2B31}
	EndGlobalSection
EndGlobal
